
Microsoft Visual Studio Solution File, Format Version 12.00
# Visual Studio Version 16
VisualStudioVersion = 16.0.30907.101
MinimumVisualStudioVersion = 10.0.40219.1
Project("{9A19103F-16F7-4668-BE54-9A1E7A4F7556}") = "ConstructionEquipment", "ConstructionEquipment\ConstructionEquipment.csproj", "{5B0A40D1-CDE2-4A0A-91B6-EB2BDD524614}"
EndProject
Project("{9A19103F-16F7-4668-BE54-9A1E7A4F7556}") = "ConstructionEqiupment.UnitTests", "ConstructionEqiupment.UnitTests\ConstructionEqiupment.UnitTests.csproj", "{F8FCCF3E-90D6-4132-AEE0-47C2B29682BC}"
EndProject
Project("{FAE04EC0-301F-11D3-BF4B-00C04F79EFBC}") = "ConstructionEquipment.Data", "ConstructionEquipment.Data\ConstructionEquipment.Data.csproj", "{0272AAD0-2DB7-4352-AD8D-FB7357AF5D2A}"
EndProject
Project("{FAE04EC0-301F-11D3-BF4B-00C04F79EFBC}") = "ConstructionEquipment.Domain", "ConstructionEquipment.Domain\ConstructionEquipment.Domain.csproj", "{26172E76-0488-4E34-9CF6-A8365A9A027F}"
EndProject
Global
	GlobalSection(SolutionConfigurationPlatforms) = preSolution
		Debug|Any CPU = Debug|Any CPU
		Release|Any CPU = Release|Any CPU
	EndGlobalSection
	GlobalSection(ProjectConfigurationPlatforms) = postSolution
		{5B0A40D1-CDE2-4A0A-91B6-EB2BDD524614}.Debug|Any CPU.ActiveCfg = Debug|Any CPU
		{5B0A40D1-CDE2-4A0A-91B6-EB2BDD524614}.Debug|Any CPU.Build.0 = Debug|Any CPU
		{5B0A40D1-CDE2-4A0A-91B6-EB2BDD524614}.Release|Any CPU.ActiveCfg = Release|Any CPU
		{5B0A40D1-CDE2-4A0A-91B6-EB2BDD524614}.Release|Any CPU.Build.0 = Release|Any CPU
		{F8FCCF3E-90D6-4132-AEE0-47C2B29682BC}.Debug|Any CPU.ActiveCfg = Debug|Any CPU
		{F8FCCF3E-90D6-4132-AEE0-47C2B29682BC}.Debug|Any CPU.Build.0 = Debug|Any CPU
		{F8FCCF3E-90D6-4132-AEE0-47C2B29682BC}.Release|Any CPU.ActiveCfg = Release|Any CPU
		{F8FCCF3E-90D6-4132-AEE0-47C2B29682BC}.Release|Any CPU.Build.0 = Release|Any CPU
		{0272AAD0-2DB7-4352-AD8D-FB7357AF5D2A}.Debug|Any CPU.ActiveCfg = Debug|Any CPU
		{0272AAD0-2DB7-4352-AD8D-FB7357AF5D2A}.Debug|Any CPU.Build.0 = Debug|Any CPU
		{0272AAD0-2DB7-4352-AD8D-FB7357AF5D2A}.Release|Any CPU.ActiveCfg = Release|Any CPU
		{0272AAD0-2DB7-4352-AD8D-FB7357AF5D2A}.Release|Any CPU.Build.0 = Release|Any CPU
		{26172E76-0488-4E34-9CF6-A8365A9A027F}.Debug|Any CPU.ActiveCfg = Debug|Any CPU
		{26172E76-0488-4E34-9CF6-A8365A9A027F}.Debug|Any CPU.Build.0 = Debug|Any CPU
		{26172E76-0488-4E34-9CF6-A8365A9A027F}.Release|Any CPU.ActiveCfg = Release|Any CPU
		{26172E76-0488-4E34-9CF6-A8365A9A027F}.Release|Any CPU.Build.0 = Release|Any CPU
	EndGlobalSection
	GlobalSection(SolutionProperties) = preSolution
		HideSolutionNode = FALSE
	EndGlobalSection
	GlobalSection(ExtensibilityGlobals) = postSolution
		SolutionGuid = {0CCFD50E-C7F0-4E67-90DA-FFB2707A4A9B}
	EndGlobalSection
EndGlobal
