
Microsoft Visual Studio Solution File, Format Version 12.00
# Visual Studio Version 16
VisualStudioVersion = 16.0.30907.101
MinimumVisualStudioVersion = 10.0.40219.1
Project("{9A19103F-16F7-4668-BE54-9A1E7A4F7556}") = "ConstructionEquipment", "ConstructionEquipment\ConstructionEquipment.csproj", "{5B0A40D1-CDE2-4A0A-91B6-EB2BDD524614}"
EndProject
Project("{9A19103F-16F7-4668-BE54-9A1E7A4F7556}") = "ConstructionEquipment.Data", "..\ConstructionEquipment.Data\ConstructionEquipment.Data.csproj", "{F76FA581-E93A-409B-9387-988BC3406ACD}"
EndProject
Project("{9A19103F-16F7-4668-BE54-9A1E7A4F7556}") = "ConstructionEquipment.Domain", "..\ConstructionEquipment.Domain\ConstructionEquipment.Domain.csproj", "{F9DACA76-5108-4CD3-A414-9896AC584A6F}"
EndProject
Project("{FAE04EC0-301F-11D3-BF4B-00C04F79EFBC}") = "ConstructionEqiupment.UnitTests", "ConstructionEqiupment.UnitTests\ConstructionEqiupment.UnitTests.csproj", "{F8FCCF3E-90D6-4132-AEE0-47C2B29682BC}"
EndProject
Global
	GlobalSection(SolutionConfigurationPlatforms) = preSolution
		Debug|Any CPU = Debug|Any CPU
		Release|Any CPU = Release|Any CPU
	EndGlobalSection
	GlobalSection(ProjectConfigurationPlatforms) = postSolution
		{5B0A40D1-CDE2-4A0A-91B6-EB2BDD524614}.Debug|Any CPU.ActiveCfg = Debug|Any CPU
		{5B0A40D1-CDE2-4A0A-91B6-EB2BDD524614}.Debug|Any CPU.Build.0 = Debug|Any CPU
		{5B0A40D1-CDE2-4A0A-91B6-EB2BDD524614}.Release|Any CPU.ActiveCfg = Release|Any CPU
		{5B0A40D1-CDE2-4A0A-91B6-EB2BDD524614}.Release|Any CPU.Build.0 = Release|Any CPU
		{F76FA581-E93A-409B-9387-988BC3406ACD}.Debug|Any CPU.ActiveCfg = Debug|Any CPU
		{F76FA581-E93A-409B-9387-988BC3406ACD}.Debug|Any CPU.Build.0 = Debug|Any CPU
		{F76FA581-E93A-409B-9387-988BC3406ACD}.Release|Any CPU.ActiveCfg = Release|Any CPU
		{F76FA581-E93A-409B-9387-988BC3406ACD}.Release|Any CPU.Build.0 = Release|Any CPU
		{F9DACA76-5108-4CD3-A414-9896AC584A6F}.Debug|Any CPU.ActiveCfg = Debug|Any CPU
		{F9DACA76-5108-4CD3-A414-9896AC584A6F}.Debug|Any CPU.Build.0 = Debug|Any CPU
		{F9DACA76-5108-4CD3-A414-9896AC584A6F}.Release|Any CPU.ActiveCfg = Release|Any CPU
		{F9DACA76-5108-4CD3-A414-9896AC584A6F}.Release|Any CPU.Build.0 = Release|Any CPU
		{F8FCCF3E-90D6-4132-AEE0-47C2B29682BC}.Debug|Any CPU.ActiveCfg = Debug|Any CPU
		{F8FCCF3E-90D6-4132-AEE0-47C2B29682BC}.Debug|Any CPU.Build.0 = Debug|Any CPU
		{F8FCCF3E-90D6-4132-AEE0-47C2B29682BC}.Release|Any CPU.ActiveCfg = Release|Any CPU
		{F8FCCF3E-90D6-4132-AEE0-47C2B29682BC}.Release|Any CPU.Build.0 = Release|Any CPU
	EndGlobalSection
	GlobalSection(SolutionProperties) = preSolution
		HideSolutionNode = FALSE
	EndGlobalSection
	GlobalSection(ExtensibilityGlobals) = postSolution
		SolutionGuid = {0CCFD50E-C7F0-4E67-90DA-FFB2707A4A9B}
	EndGlobalSection
EndGlobal
